
Microsoft Visual Studio Solution File, Format Version 12.00
# Visual Studio 15
VisualStudioVersion = 15.0.26430.16
MinimumVisualStudioVersion = 10.0.40219.1
Project("{8BC9CEB8-8B4A-11D0-8D11-00A0C91BC942}") = "01", "01\01.vcxproj", "{1CA9C75A-F9DB-4941-AED0-ECB674C982F3}"
EndProject
Project("{8BC9CEB8-8B4A-11D0-8D11-00A0C91BC942}") = "02", "02\02.vcxproj", "{40D7F239-1363-4536-BE8E-F9D60D84792C}"
EndProject
Project("{8BC9CEB8-8B4A-11D0-8D11-00A0C91BC942}") = "03", "03\03.vcxproj", "{0CBD1E31-C57E-4DD5-BF36-9B5201696175}"
EndProject
Project("{8BC9CEB8-8B4A-11D0-8D11-00A0C91BC942}") = "04", "04\04.vcxproj", "{E5F683AE-9685-4562-855D-6F3F6C91C7F2}"
EndProject
Project("{8BC9CEB8-8B4A-11D0-8D11-00A0C91BC942}") = "05", "05\05.vcxproj", "{EB9D258D-0097-4625-B949-A320126AB00E}"
EndProject
Project("{8BC9CEB8-8B4A-11D0-8D11-00A0C91BC942}") = "06", "06\06.vcxproj", "{A26842C0-C18B-4ECC-869C-4B213725B994}"
EndProject
Project("{8BC9CEB8-8B4A-11D0-8D11-00A0C91BC942}") = "07", "07\07.vcxproj", "{A1977100-F66E-46C0-886D-44B96E40B26C}"
EndProject
Project("{8BC9CEB8-8B4A-11D0-8D11-00A0C91BC942}") = "08", "08\08.vcxproj", "{C29C9671-83E5-4D10-B459-B900877A3DD5}"
EndProject
Project("{8BC9CEB8-8B4A-11D0-8D11-00A0C91BC942}") = "09", "09\09.vcxproj", "{36AA5E8B-700F-4F46-88D1-84A76C4A8891}"
EndProject
Project("{8BC9CEB8-8B4A-11D0-8D11-00A0C91BC942}") = "10", "10\10.vcxproj", "{ADE61093-4346-4C74-8C60-82339B83B605}"
EndProject
Project("{8BC9CEB8-8B4A-11D0-8D11-00A0C91BC942}") = "11", "11\11.vcxproj", "{777856DD-57B7-4C74-A6EE-1B2C836B2249}"
EndProject
Project("{8BC9CEB8-8B4A-11D0-8D11-00A0C91BC942}") = "12", "12\12.vcxproj", "{9DE6B4D1-09BF-41EF-A33C-28360E14AEFA}"
EndProject
Project("{8BC9CEB8-8B4A-11D0-8D11-00A0C91BC942}") = "13", "13\13.vcxproj", "{E2CABAFA-E6BC-4E95-A558-38385E0649B7}"
EndProject
Global
	GlobalSection(SolutionConfigurationPlatforms) = preSolution
		Debug|x64 = Debug|x64
		Debug|x86 = Debug|x86
		Release|x64 = Release|x64
		Release|x86 = Release|x86
	EndGlobalSection
	GlobalSection(ProjectConfigurationPlatforms) = postSolution
		{1CA9C75A-F9DB-4941-AED0-ECB674C982F3}.Debug|x64.ActiveCfg = Debug|x64
		{1CA9C75A-F9DB-4941-AED0-ECB674C982F3}.Debug|x64.Build.0 = Debug|x64
		{1CA9C75A-F9DB-4941-AED0-ECB674C982F3}.Debug|x86.ActiveCfg = Debug|Win32
		{1CA9C75A-F9DB-4941-AED0-ECB674C982F3}.Debug|x86.Build.0 = Debug|Win32
		{1CA9C75A-F9DB-4941-AED0-ECB674C982F3}.Release|x64.ActiveCfg = Release|x64
		{1CA9C75A-F9DB-4941-AED0-ECB674C982F3}.Release|x64.Build.0 = Release|x64
		{1CA9C75A-F9DB-4941-AED0-ECB674C982F3}.Release|x86.ActiveCfg = Release|Win32
		{1CA9C75A-F9DB-4941-AED0-ECB674C982F3}.Release|x86.Build.0 = Release|Win32
		{40D7F239-1363-4536-BE8E-F9D60D84792C}.Debug|x64.ActiveCfg = Debug|x64
		{40D7F239-1363-4536-BE8E-F9D60D84792C}.Debug|x64.Build.0 = Debug|x64
		{40D7F239-1363-4536-BE8E-F9D60D84792C}.Debug|x86.ActiveCfg = Debug|Win32
		{40D7F239-1363-4536-BE8E-F9D60D84792C}.Debug|x86.Build.0 = Debug|Win32
		{40D7F239-1363-4536-BE8E-F9D60D84792C}.Release|x64.ActiveCfg = Release|x64
		{40D7F239-1363-4536-BE8E-F9D60D84792C}.Release|x64.Build.0 = Release|x64
		{40D7F239-1363-4536-BE8E-F9D60D84792C}.Release|x86.ActiveCfg = Release|Win32
		{40D7F239-1363-4536-BE8E-F9D60D84792C}.Release|x86.Build.0 = Release|Win32
		{0CBD1E31-C57E-4DD5-BF36-9B5201696175}.Debug|x64.ActiveCfg = Debug|x64
		{0CBD1E31-C57E-4DD5-BF36-9B5201696175}.Debug|x64.Build.0 = Debug|x64
		{0CBD1E31-C57E-4DD5-BF36-9B5201696175}.Debug|x86.ActiveCfg = Debug|Win32
		{0CBD1E31-C57E-4DD5-BF36-9B5201696175}.Debug|x86.Build.0 = Debug|Win32
		{0CBD1E31-C57E-4DD5-BF36-9B5201696175}.Release|x64.ActiveCfg = Release|x64
		{0CBD1E31-C57E-4DD5-BF36-9B5201696175}.Release|x64.Build.0 = Release|x64
		{0CBD1E31-C57E-4DD5-BF36-9B5201696175}.Release|x86.ActiveCfg = Release|Win32
		{0CBD1E31-C57E-4DD5-BF36-9B5201696175}.Release|x86.Build.0 = Release|Win32
		{E5F683AE-9685-4562-855D-6F3F6C91C7F2}.Debug|x64.ActiveCfg = Debug|x64
		{E5F683AE-9685-4562-855D-6F3F6C91C7F2}.Debug|x64.Build.0 = Debug|x64
		{E5F683AE-9685-4562-855D-6F3F6C91C7F2}.Debug|x86.ActiveCfg = Debug|Win32
		{E5F683AE-9685-4562-855D-6F3F6C91C7F2}.Debug|x86.Build.0 = Debug|Win32
		{E5F683AE-9685-4562-855D-6F3F6C91C7F2}.Release|x64.ActiveCfg = Release|x64
		{E5F683AE-9685-4562-855D-6F3F6C91C7F2}.Release|x64.Build.0 = Release|x64
		{E5F683AE-9685-4562-855D-6F3F6C91C7F2}.Release|x86.ActiveCfg = Release|Win32
		{E5F683AE-9685-4562-855D-6F3F6C91C7F2}.Release|x86.Build.0 = Release|Win32
		{EB9D258D-0097-4625-B949-A320126AB00E}.Debug|x64.ActiveCfg = Debug|x64
		{EB9D258D-0097-4625-B949-A320126AB00E}.Debug|x64.Build.0 = Debug|x64
		{EB9D258D-0097-4625-B949-A320126AB00E}.Debug|x86.ActiveCfg = Debug|Win32
		{EB9D258D-0097-4625-B949-A320126AB00E}.Debug|x86.Build.0 = Debug|Win32
		{EB9D258D-0097-4625-B949-A320126AB00E}.Release|x64.ActiveCfg = Release|x64
		{EB9D258D-0097-4625-B949-A320126AB00E}.Release|x64.Build.0 = Release|x64
		{EB9D258D-0097-4625-B949-A320126AB00E}.Release|x86.ActiveCfg = Release|Win32
		{EB9D258D-0097-4625-B949-A320126AB00E}.Release|x86.Build.0 = Release|Win32
		{A26842C0-C18B-4ECC-869C-4B213725B994}.Debug|x64.ActiveCfg = Debug|x64
		{A26842C0-C18B-4ECC-869C-4B213725B994}.Debug|x64.Build.0 = Debug|x64
		{A26842C0-C18B-4ECC-869C-4B213725B994}.Debug|x86.ActiveCfg = Debug|Win32
		{A26842C0-C18B-4ECC-869C-4B213725B994}.Debug|x86.Build.0 = Debug|Win32
		{A26842C0-C18B-4ECC-869C-4B213725B994}.Release|x64.ActiveCfg = Release|x64
		{A26842C0-C18B-4ECC-869C-4B213725B994}.Release|x64.Build.0 = Release|x64
		{A26842C0-C18B-4ECC-869C-4B213725B994}.Release|x86.ActiveCfg = Release|Win32
		{A26842C0-C18B-4ECC-869C-4B213725B994}.Release|x86.Build.0 = Release|Win32
		{A1977100-F66E-46C0-886D-44B96E40B26C}.Debug|x64.ActiveCfg = Debug|x64
		{A1977100-F66E-46C0-886D-44B96E40B26C}.Debug|x64.Build.0 = Debug|x64
		{A1977100-F66E-46C0-886D-44B96E40B26C}.Debug|x86.ActiveCfg = Debug|Win32
		{A1977100-F66E-46C0-886D-44B96E40B26C}.Debug|x86.Build.0 = Debug|Win32
		{A1977100-F66E-46C0-886D-44B96E40B26C}.Release|x64.ActiveCfg = Release|x64
		{A1977100-F66E-46C0-886D-44B96E40B26C}.Release|x64.Build.0 = Release|x64
		{A1977100-F66E-46C0-886D-44B96E40B26C}.Release|x86.ActiveCfg = Release|Win32
		{A1977100-F66E-46C0-886D-44B96E40B26C}.Release|x86.Build.0 = Release|Win32
		{C29C9671-83E5-4D10-B459-B900877A3DD5}.Debug|x64.ActiveCfg = Debug|x64
		{C29C9671-83E5-4D10-B459-B900877A3DD5}.Debug|x64.Build.0 = Debug|x64
		{C29C9671-83E5-4D10-B459-B900877A3DD5}.Debug|x86.ActiveCfg = Debug|Win32
		{C29C9671-83E5-4D10-B459-B900877A3DD5}.Debug|x86.Build.0 = Debug|Win32
		{C29C9671-83E5-4D10-B459-B900877A3DD5}.Release|x64.ActiveCfg = Release|x64
		{C29C9671-83E5-4D10-B459-B900877A3DD5}.Release|x64.Build.0 = Release|x64
		{C29C9671-83E5-4D10-B459-B900877A3DD5}.Release|x86.ActiveCfg = Release|Win32
		{C29C9671-83E5-4D10-B459-B900877A3DD5}.Release|x86.Build.0 = Release|Win32
		{36AA5E8B-700F-4F46-88D1-84A76C4A8891}.Debug|x64.ActiveCfg = Debug|x64
		{36AA5E8B-700F-4F46-88D1-84A76C4A8891}.Debug|x64.Build.0 = Debug|x64
		{36AA5E8B-700F-4F46-88D1-84A76C4A8891}.Debug|x86.ActiveCfg = Debug|Win32
		{36AA5E8B-700F-4F46-88D1-84A76C4A8891}.Debug|x86.Build.0 = Debug|Win32
		{36AA5E8B-700F-4F46-88D1-84A76C4A8891}.Release|x64.ActiveCfg = Release|x64
		{36AA5E8B-700F-4F46-88D1-84A76C4A8891}.Release|x64.Build.0 = Release|x64
		{36AA5E8B-700F-4F46-88D1-84A76C4A8891}.Release|x86.ActiveCfg = Release|Win32
		{36AA5E8B-700F-4F46-88D1-84A76C4A8891}.Release|x86.Build.0 = Release|Win32
		{ADE61093-4346-4C74-8C60-82339B83B605}.Debug|x64.ActiveCfg = Debug|x64
		{ADE61093-4346-4C74-8C60-82339B83B605}.Debug|x64.Build.0 = Debug|x64
		{ADE61093-4346-4C74-8C60-82339B83B605}.Debug|x86.ActiveCfg = Debug|Win32
		{ADE61093-4346-4C74-8C60-82339B83B605}.Debug|x86.Build.0 = Debug|Win32
		{ADE61093-4346-4C74-8C60-82339B83B605}.Release|x64.ActiveCfg = Release|x64
		{ADE61093-4346-4C74-8C60-82339B83B605}.Release|x64.Build.0 = Release|x64
		{ADE61093-4346-4C74-8C60-82339B83B605}.Release|x86.ActiveCfg = Release|Win32
		{ADE61093-4346-4C74-8C60-82339B83B605}.Release|x86.Build.0 = Release|Win32
		{777856DD-57B7-4C74-A6EE-1B2C836B2249}.Debug|x64.ActiveCfg = Debug|x64
		{777856DD-57B7-4C74-A6EE-1B2C836B2249}.Debug|x64.Build.0 = Debug|x64
		{777856DD-57B7-4C74-A6EE-1B2C836B2249}.Debug|x86.ActiveCfg = Debug|Win32
		{777856DD-57B7-4C74-A6EE-1B2C836B2249}.Debug|x86.Build.0 = Debug|Win32
		{777856DD-57B7-4C74-A6EE-1B2C836B2249}.Release|x64.ActiveCfg = Release|x64
		{777856DD-57B7-4C74-A6EE-1B2C836B2249}.Release|x64.Build.0 = Release|x64
		{777856DD-57B7-4C74-A6EE-1B2C836B2249}.Release|x86.ActiveCfg = Release|Win32
		{777856DD-57B7-4C74-A6EE-1B2C836B2249}.Release|x86.Build.0 = Release|Win32
		{9DE6B4D1-09BF-41EF-A33C-28360E14AEFA}.Debug|x64.ActiveCfg = Debug|x64
		{9DE6B4D1-09BF-41EF-A33C-28360E14AEFA}.Debug|x64.Build.0 = Debug|x64
		{9DE6B4D1-09BF-41EF-A33C-28360E14AEFA}.Debug|x86.ActiveCfg = Debug|Win32
		{9DE6B4D1-09BF-41EF-A33C-28360E14AEFA}.Debug|x86.Build.0 = Debug|Win32
		{9DE6B4D1-09BF-41EF-A33C-28360E14AEFA}.Release|x64.ActiveCfg = Release|x64
		{9DE6B4D1-09BF-41EF-A33C-28360E14AEFA}.Release|x64.Build.0 = Release|x64
		{9DE6B4D1-09BF-41EF-A33C-28360E14AEFA}.Release|x86.ActiveCfg = Release|Win32
		{9DE6B4D1-09BF-41EF-A33C-28360E14AEFA}.Release|x86.Build.0 = Release|Win32
		{E2CABAFA-E6BC-4E95-A558-38385E0649B7}.Debug|x64.ActiveCfg = Debug|x64
		{E2CABAFA-E6BC-4E95-A558-38385E0649B7}.Debug|x64.Build.0 = Debug|x64
		{E2CABAFA-E6BC-4E95-A558-38385E0649B7}.Debug|x86.ActiveCfg = Debug|Win32
		{E2CABAFA-E6BC-4E95-A558-38385E0649B7}.Debug|x86.Build.0 = Debug|Win32
		{E2CABAFA-E6BC-4E95-A558-38385E0649B7}.Release|x64.ActiveCfg = Release|x64
		{E2CABAFA-E6BC-4E95-A558-38385E0649B7}.Release|x64.Build.0 = Release|x64
		{E2CABAFA-E6BC-4E95-A558-38385E0649B7}.Release|x86.ActiveCfg = Release|Win32
		{E2CABAFA-E6BC-4E95-A558-38385E0649B7}.Release|x86.Build.0 = Release|Win32
	EndGlobalSection
	GlobalSection(SolutionProperties) = preSolution
		HideSolutionNode = FALSE
	EndGlobalSection
EndGlobal
