
Microsoft Visual Studio Solution File, Format Version 12.00
# Visual Studio 15
VisualStudioVersion = 15.0.26730.15
MinimumVisualStudioVersion = 10.0.40219.1
Project("{8BC9CEB8-8B4A-11D0-8D11-00A0C91BC942}") = "Desafio18-09", "Desafio18-09\Desafio18-09.vcxproj", "{EC4CFC4C-5885-4FA2-B1E1-2F86B4576BD0}"
EndProject
Global
	GlobalSection(SolutionConfigurationPlatforms) = preSolution
		Debug|x64 = Debug|x64
		Debug|x86 = Debug|x86
		Release|x64 = Release|x64
		Release|x86 = Release|x86
	EndGlobalSection
	GlobalSection(ProjectConfigurationPlatforms) = postSolution
		{EC4CFC4C-5885-4FA2-B1E1-2F86B4576BD0}.Debug|x64.ActiveCfg = Debug|x64
		{EC4CFC4C-5885-4FA2-B1E1-2F86B4576BD0}.Debug|x64.Build.0 = Debug|x64
		{EC4CFC4C-5885-4FA2-B1E1-2F86B4576BD0}.Debug|x86.ActiveCfg = Debug|Win32
		{EC4CFC4C-5885-4FA2-B1E1-2F86B4576BD0}.Debug|x86.Build.0 = Debug|Win32
		{EC4CFC4C-5885-4FA2-B1E1-2F86B4576BD0}.Release|x64.ActiveCfg = Release|x64
		{EC4CFC4C-5885-4FA2-B1E1-2F86B4576BD0}.Release|x64.Build.0 = Release|x64
		{EC4CFC4C-5885-4FA2-B1E1-2F86B4576BD0}.Release|x86.ActiveCfg = Release|Win32
		{EC4CFC4C-5885-4FA2-B1E1-2F86B4576BD0}.Release|x86.Build.0 = Release|Win32
	EndGlobalSection
	GlobalSection(SolutionProperties) = preSolution
		HideSolutionNode = FALSE
	EndGlobalSection
	GlobalSection(ExtensibilityGlobals) = postSolution
		SolutionGuid = {97C0294E-B123-4902-BF85-47D459CA766C}
	EndGlobalSection
EndGlobal
