
Microsoft Visual Studio Solution File, Format Version 12.00
# Visual Studio 15
VisualStudioVersion = 15.0.26430.16
MinimumVisualStudioVersion = 10.0.40219.1
Project("{8BC9CEB8-8B4A-11D0-8D11-00A0C91BC942}") = "02", "02\02.vcxproj", "{5AECFD3C-5D24-4946-86F1-9CDC342129C7}"
EndProject
Project("{8BC9CEB8-8B4A-11D0-8D11-00A0C91BC942}") = "01", "01\01.vcxproj", "{B50F670A-7930-443D-865C-AD2D0406D965}"
EndProject
Project("{8BC9CEB8-8B4A-11D0-8D11-00A0C91BC942}") = "03", "03\03.vcxproj", "{4516F039-6CD9-4893-AE4A-2BF4363D3A74}"
EndProject
Project("{8BC9CEB8-8B4A-11D0-8D11-00A0C91BC942}") = "04", "04\04.vcxproj", "{730583E0-58E9-4D8E-8BD5-F464A85EB84A}"
EndProject
Project("{8BC9CEB8-8B4A-11D0-8D11-00A0C91BC942}") = "05", "05\05.vcxproj", "{10AC991E-6191-4172-A746-E07CEFCF68BE}"
EndProject
Project("{8BC9CEB8-8B4A-11D0-8D11-00A0C91BC942}") = "07", "07\07.vcxproj", "{F9AB7878-3626-47FC-BF1A-A0234C294057}"
EndProject
Project("{8BC9CEB8-8B4A-11D0-8D11-00A0C91BC942}") = "06", "06\06.vcxproj", "{89928AF2-68C1-4B6F-A8BF-DCBFD343D976}"
EndProject
Global
	GlobalSection(SolutionConfigurationPlatforms) = preSolution
		Debug|x64 = Debug|x64
		Debug|x86 = Debug|x86
		Release|x64 = Release|x64
		Release|x86 = Release|x86
	EndGlobalSection
	GlobalSection(ProjectConfigurationPlatforms) = postSolution
		{5AECFD3C-5D24-4946-86F1-9CDC342129C7}.Debug|x64.ActiveCfg = Debug|x64
		{5AECFD3C-5D24-4946-86F1-9CDC342129C7}.Debug|x64.Build.0 = Debug|x64
		{5AECFD3C-5D24-4946-86F1-9CDC342129C7}.Debug|x86.ActiveCfg = Debug|Win32
		{5AECFD3C-5D24-4946-86F1-9CDC342129C7}.Debug|x86.Build.0 = Debug|Win32
		{5AECFD3C-5D24-4946-86F1-9CDC342129C7}.Release|x64.ActiveCfg = Release|x64
		{5AECFD3C-5D24-4946-86F1-9CDC342129C7}.Release|x64.Build.0 = Release|x64
		{5AECFD3C-5D24-4946-86F1-9CDC342129C7}.Release|x86.ActiveCfg = Release|Win32
		{5AECFD3C-5D24-4946-86F1-9CDC342129C7}.Release|x86.Build.0 = Release|Win32
		{B50F670A-7930-443D-865C-AD2D0406D965}.Debug|x64.ActiveCfg = Debug|x64
		{B50F670A-7930-443D-865C-AD2D0406D965}.Debug|x64.Build.0 = Debug|x64
		{B50F670A-7930-443D-865C-AD2D0406D965}.Debug|x86.ActiveCfg = Debug|Win32
		{B50F670A-7930-443D-865C-AD2D0406D965}.Debug|x86.Build.0 = Debug|Win32
		{B50F670A-7930-443D-865C-AD2D0406D965}.Release|x64.ActiveCfg = Release|x64
		{B50F670A-7930-443D-865C-AD2D0406D965}.Release|x64.Build.0 = Release|x64
		{B50F670A-7930-443D-865C-AD2D0406D965}.Release|x86.ActiveCfg = Release|Win32
		{B50F670A-7930-443D-865C-AD2D0406D965}.Release|x86.Build.0 = Release|Win32
		{4516F039-6CD9-4893-AE4A-2BF4363D3A74}.Debug|x64.ActiveCfg = Debug|x64
		{4516F039-6CD9-4893-AE4A-2BF4363D3A74}.Debug|x64.Build.0 = Debug|x64
		{4516F039-6CD9-4893-AE4A-2BF4363D3A74}.Debug|x86.ActiveCfg = Debug|Win32
		{4516F039-6CD9-4893-AE4A-2BF4363D3A74}.Debug|x86.Build.0 = Debug|Win32
		{4516F039-6CD9-4893-AE4A-2BF4363D3A74}.Release|x64.ActiveCfg = Release|x64
		{4516F039-6CD9-4893-AE4A-2BF4363D3A74}.Release|x64.Build.0 = Release|x64
		{4516F039-6CD9-4893-AE4A-2BF4363D3A74}.Release|x86.ActiveCfg = Release|Win32
		{4516F039-6CD9-4893-AE4A-2BF4363D3A74}.Release|x86.Build.0 = Release|Win32
		{730583E0-58E9-4D8E-8BD5-F464A85EB84A}.Debug|x64.ActiveCfg = Debug|x64
		{730583E0-58E9-4D8E-8BD5-F464A85EB84A}.Debug|x64.Build.0 = Debug|x64
		{730583E0-58E9-4D8E-8BD5-F464A85EB84A}.Debug|x86.ActiveCfg = Debug|Win32
		{730583E0-58E9-4D8E-8BD5-F464A85EB84A}.Debug|x86.Build.0 = Debug|Win32
		{730583E0-58E9-4D8E-8BD5-F464A85EB84A}.Release|x64.ActiveCfg = Release|x64
		{730583E0-58E9-4D8E-8BD5-F464A85EB84A}.Release|x64.Build.0 = Release|x64
		{730583E0-58E9-4D8E-8BD5-F464A85EB84A}.Release|x86.ActiveCfg = Release|Win32
		{730583E0-58E9-4D8E-8BD5-F464A85EB84A}.Release|x86.Build.0 = Release|Win32
		{10AC991E-6191-4172-A746-E07CEFCF68BE}.Debug|x64.ActiveCfg = Debug|x64
		{10AC991E-6191-4172-A746-E07CEFCF68BE}.Debug|x64.Build.0 = Debug|x64
		{10AC991E-6191-4172-A746-E07CEFCF68BE}.Debug|x86.ActiveCfg = Debug|Win32
		{10AC991E-6191-4172-A746-E07CEFCF68BE}.Debug|x86.Build.0 = Debug|Win32
		{10AC991E-6191-4172-A746-E07CEFCF68BE}.Release|x64.ActiveCfg = Release|x64
		{10AC991E-6191-4172-A746-E07CEFCF68BE}.Release|x64.Build.0 = Release|x64
		{10AC991E-6191-4172-A746-E07CEFCF68BE}.Release|x86.ActiveCfg = Release|Win32
		{10AC991E-6191-4172-A746-E07CEFCF68BE}.Release|x86.Build.0 = Release|Win32
		{F9AB7878-3626-47FC-BF1A-A0234C294057}.Debug|x64.ActiveCfg = Debug|x64
		{F9AB7878-3626-47FC-BF1A-A0234C294057}.Debug|x64.Build.0 = Debug|x64
		{F9AB7878-3626-47FC-BF1A-A0234C294057}.Debug|x86.ActiveCfg = Debug|Win32
		{F9AB7878-3626-47FC-BF1A-A0234C294057}.Debug|x86.Build.0 = Debug|Win32
		{F9AB7878-3626-47FC-BF1A-A0234C294057}.Release|x64.ActiveCfg = Release|x64
		{F9AB7878-3626-47FC-BF1A-A0234C294057}.Release|x64.Build.0 = Release|x64
		{F9AB7878-3626-47FC-BF1A-A0234C294057}.Release|x86.ActiveCfg = Release|Win32
		{F9AB7878-3626-47FC-BF1A-A0234C294057}.Release|x86.Build.0 = Release|Win32
		{89928AF2-68C1-4B6F-A8BF-DCBFD343D976}.Debug|x64.ActiveCfg = Debug|x64
		{89928AF2-68C1-4B6F-A8BF-DCBFD343D976}.Debug|x64.Build.0 = Debug|x64
		{89928AF2-68C1-4B6F-A8BF-DCBFD343D976}.Debug|x86.ActiveCfg = Debug|Win32
		{89928AF2-68C1-4B6F-A8BF-DCBFD343D976}.Debug|x86.Build.0 = Debug|Win32
		{89928AF2-68C1-4B6F-A8BF-DCBFD343D976}.Release|x64.ActiveCfg = Release|x64
		{89928AF2-68C1-4B6F-A8BF-DCBFD343D976}.Release|x64.Build.0 = Release|x64
		{89928AF2-68C1-4B6F-A8BF-DCBFD343D976}.Release|x86.ActiveCfg = Release|Win32
		{89928AF2-68C1-4B6F-A8BF-DCBFD343D976}.Release|x86.Build.0 = Release|Win32
	EndGlobalSection
	GlobalSection(SolutionProperties) = preSolution
		HideSolutionNode = FALSE
	EndGlobalSection
EndGlobal
